// !$*UTF8*$!
{
	archiveVersion = 1;
	classes = {
	};
	objectVersion = 46;
	objects = {

/* Begin PBXBuildFile section */
		DB3518321CD3EF7C00FDAA63 /* main.m in Sources */ = {isa = PBXBuildFile; fileRef = DB3518311CD3EF7C00FDAA63 /* main.m */; };
		DB3518351CD3EF7C00FDAA63 /* AppDelegate.m in Sources */ = {isa = PBXBuildFile; fileRef = DB3518341CD3EF7C00FDAA63 /* AppDelegate.m */; };
		DB3518381CD3EF7C00FDAA63 /* ViewController.m in Sources */ = {isa = PBXBuildFile; fileRef = DB3518371CD3EF7C00FDAA63 /* ViewController.m */; };
		DB35183B1CD3EF7C00FDAA63 /* Main.storyboard in Resources */ = {isa = PBXBuildFile; fileRef = DB3518391CD3EF7C00FDAA63 /* Main.storyboard */; };
		DB35183D1CD3EF7C00FDAA63 /* Assets.xcassets in Resources */ = {isa = PBXBuildFile; fileRef = DB35183C1CD3EF7C00FDAA63 /* Assets.xcassets */; };
		DB3518401CD3EF7C00FDAA63 /* LaunchScreen.storyboard in Resources */ = {isa = PBXBuildFile; fileRef = DB35183E1CD3EF7C00FDAA63 /* LaunchScreen.storyboard */; };
/* End PBXBuildFile section */

/* Begin PBXFileReference section */
		DB35182D1CD3EF7C00FDAA63 /* Example.app */ = {isa = PBXFileReference; explicitFileType = wrapper.application; includeInIndex = 0; path = Example.app; sourceTree = BUILT_PRODUCTS_DIR; };
		DB3518311CD3EF7C00FDAA63 /* main.m */ = {isa = PBXFileReference; lastKnownFileType = sourcecode.c.objc; path = main.m; sourceTree = "<group>"; };
		DB3518331CD3EF7C00FDAA63 /* AppDelegate.h */ = {isa = PBXFileReference; lastKnownFileType = sourcecode.c.h; path = AppDelegate.h; sourceTree = "<group>"; };
		DB3518341CD3EF7C00FDAA63 /* AppDelegate.m */ = {isa = PBXFileReference; lastKnownFileType = sourcecode.c.objc; path = AppDelegate.m; sourceTree = "<group>"; };
		DB3518361CD3EF7C00FDAA63 /* ViewController.h */ = {isa = PBXFileReference; lastKnownFileType = sourcecode.c.h; path = ViewController.h; sourceTree = "<group>"; };
		DB3518371CD3EF7C00FDAA63 /* ViewController.m */ = {isa = PBXFileReference; lastKnownFileType = sourcecode.c.objc; path = ViewController.m; sourceTree = "<group>"; };
		DB35183A1CD3EF7C00FDAA63 /* Base */ = {isa = PBXFileReference; lastKnownFileType = file.storyboard; name = Base; path = Base.lproj/Main.storyboard; sourceTree = "<group>"; };
		DB35183C1CD3EF7C00FDAA63 /* Assets.xcassets */ = {isa = PBXFileReference; lastKnownFileType = folder.assetcatalog; path = Assets.xcassets; sourceTree = "<group>"; };
		DB35183F1CD3EF7C00FDAA63 /* Base */ = {isa = PBXFileReference; lastKnownFileType = file.storyboard; name = Base; path = Base.lproj/LaunchScreen.storyboard; sourceTree = "<group>"; };
		DB3518411CD3EF7C00FDAA63 /* Info.plist */ = {isa = PBXFileReference; lastKnownFileType = text.plist.xml; path = Info.plist; sourceTree = "<group>"; };
/* End PBXFileReference section */

/* Begin PBXFrameworksBuildPhase section */
		DB35182A1CD3EF7C00FDAA63 /* Frameworks */ = {
			isa = PBXFrameworksBuildPhase;
			buildActionMask = 2147483647;
			files = (
			);
			runOnlyForDeploymentPostprocessing = 0;
		};
/* End PBXFrameworksBuildPhase section */

/* Begin PBXGroup section */
		DB3518241CD3EF7C00FDAA63 = {
			isa = PBXGroup;
			children = (
				DB35182F1CD3EF7C00FDAA63 /* Example */,
				DB35182E1CD3EF7C00FDAA63 /* Products */,
			);
			sourceTree = "<group>";
		};
		DB35182E1CD3EF7C00FDAA63 /* Products */ = {
			isa = PBXGroup;
			children = (
				DB35182D1CD3EF7C00FDAA63 /* Example.app */,
			);
			name = Products;
			sourceTree = "<group>";
		};
		DB35182F1CD3EF7C00FDAA63 /* Example */ = {
			isa = PBXGroup;
			children = (
				DB3518331CD3EF7C00FDAA63 /* AppDelegate.h */,
				DB3518341CD3EF7C00FDAA63 /* AppDelegate.m */,
				DB3518361CD3EF7C00FDAA63 /* ViewController.h */,
				DB3518371CD3EF7C00FDAA63 /* ViewController.m */,
				DB3518391CD3EF7C00FDAA63 /* Main.storyboard */,
				DB35183C1CD3EF7C00FDAA63 /* Assets.xcassets */,
				DB35183E1CD3EF7C00FDAA63 /* LaunchScreen.storyboard */,
				DB3518411CD3EF7C00FDAA63 /* Info.plist */,
				DB3518301CD3EF7C00FDAA63 /* Supporting Files */,
			);
			path = Example;
			sourceTree = "<group>";
		};
		DB3518301CD3EF7C00FDAA63 /* Supporting Files */ = {
			isa = PBXGroup;
			children = (
				DB3518311CD3EF7C00FDAA63 /* main.m */,
			);
			name = "Supporting Files";
			sourceTree = "<group>";
		};
/* End PBXGroup section */

/* Begin PBXNativeTarget section */
		DB35182C1CD3EF7C00FDAA63 /* Example */ = {
			isa = PBXNativeTarget;
			buildConfigurationList = DB3518441CD3EF7C00FDAA63 /* Build configuration list for PBXNativeTarget "Example" */;
			buildPhases = (
				DB3518291CD3EF7C00FDAA63 /* Sources */,
				DB35182A1CD3EF7C00FDAA63 /* Frameworks */,
				DB35182B1CD3EF7C00FDAA63 /* Resources */,
			);
			buildRules = (
			);
			dependencies = (
			);
			name = Example;
			productName = Example;
			productReference = DB35182D1CD3EF7C00FDAA63 /* Example.app */;
			productType = "com.apple.product-type.application";
		};
/* End PBXNativeTarget section */

/* Begin PBXProject section */
		DB3518251CD3EF7C00FDAA63 /* Project object */ = {
			isa = PBXProject;
			attributes = {
				LastUpgradeCheck = 0730;
				ORGANIZATIONNAME = mParticle;
				TargetAttributes = {
					DB35182C1CD3EF7C00FDAA63 = {
						CreatedOnToolsVersion = 7.3;
						DevelopmentTeam = Q948K5LXGZ;
					};
				};
			};
			buildConfigurationList = DB3518281CD3EF7C00FDAA63 /* Build configuration list for PBXProject "Example" */;
			compatibilityVersion = "Xcode 3.2";
			developmentRegion = English;
			hasScannedForEncodings = 0;
			knownRegions = (
				en,
				Base,
			);
			mainGroup = DB3518241CD3EF7C00FDAA63;
			productRefGroup = DB35182E1CD3EF7C00FDAA63 /* Products */;
			projectDirPath = "";
			projectRoot = "";
			targets = (
				DB35182C1CD3EF7C00FDAA63 /* Example */,
			);
		};
/* End PBXProject section */

/* Begin PBXResourcesBuildPhase section */
		DB35182B1CD3EF7C00FDAA63 /* Resources */ = {
			isa = PBXResourcesBuildPhase;
			buildActionMask = 2147483647;
			files = (
				DB3518401CD3EF7C00FDAA63 /* LaunchScreen.storyboard in Resources */,
				DB35183D1CD3EF7C00FDAA63 /* Assets.xcassets in Resources */,
				DB35183B1CD3EF7C00FDAA63 /* Main.storyboard in Resources */,
			);
			runOnlyForDeploymentPostprocessing = 0;
		};
/* End PBXResourcesBuildPhase section */

/* Begin PBXSourcesBuildPhase section */
		DB3518291CD3EF7C00FDAA63 /* Sources */ = {
			isa = PBXSourcesBuildPhase;
			buildActionMask = 2147483647;
			files = (
				DB3518381CD3EF7C00FDAA63 /* ViewController.m in Sources */,
				DB3518351CD3EF7C00FDAA63 /* AppDelegate.m in Sources */,
				DB3518321CD3EF7C00FDAA63 /* main.m in Sources */,
			);
			runOnlyForDeploymentPostprocessing = 0;
		};
/* End PBXSourcesBuildPhase section */

/* Begin PBXVariantGroup section */
		DB3518391CD3EF7C00FDAA63 /* Main.storyboard */ = {
			isa = PBXVariantGroup;
			children = (
				DB35183A1CD3EF7C00FDAA63 /* Base */,
			);
			name = Main.storyboard;
			sourceTree = "<group>";
		};
		DB35183E1CD3EF7C00FDAA63 /* LaunchScreen.storyboard */ = {
			isa = PBXVariantGroup;
			children = (
				DB35183F1CD3EF7C00FDAA63 /* Base */,
			);
			name = LaunchScreen.storyboard;
			sourceTree = "<group>";
		};
/* End PBXVariantGroup section */

/* Begin XCBuildConfiguration section */
		DB3518421CD3EF7C00FDAA63 /* Debug */ = {
			isa = XCBuildConfiguration;
			buildSettings = {
				ALWAYS_SEARCH_USER_PATHS = NO;
				CLANG_ANALYZER_NONNULL = YES;
				CLANG_CXX_LANGUAGE_STANDARD = "gnu++0x";
				CLANG_CXX_LIBRARY = "libc++";
				CLANG_ENABLE_MODULES = YES;
				CLANG_ENABLE_OBJC_ARC = YES;
				CLANG_WARN_BOOL_CONVERSION = YES;
				CLANG_WARN_CONSTANT_CONVERSION = YES;
				CLANG_WARN_DIRECT_OBJC_ISA_USAGE = YES_ERROR;
				CLANG_WARN_EMPTY_BODY = YES;
				CLANG_WARN_ENUM_CONVERSION = YES;
				CLANG_WARN_INT_CONVERSION = YES;
				CLANG_WARN_OBJC_ROOT_CLASS = YES_ERROR;
				CLANG_WARN_UNREACHABLE_CODE = YES;
				CLANG_WARN__DUPLICATE_METHOD_MATCH = YES;
				"CODE_SIGN_IDENTITY[sdk=iphoneos*]" = "iPhone Developer";
				COPY_PHASE_STRIP = NO;
				DEBUG_INFORMATION_FORMAT = dwarf;
				ENABLE_STRICT_OBJC_MSGSEND = YES;
				ENABLE_TESTABILITY = YES;
				GCC_C_LANGUAGE_STANDARD = gnu99;
				GCC_DYNAMIC_NO_PIC = NO;
				GCC_NO_COMMON_BLOCKS = YES;
				GCC_OPTIMIZATION_LEVEL = 0;
				GCC_PREPROCESSOR_DEFINITIONS = (
					"DEBUG=1",
					"$(inherited)",
				);
				GCC_WARN_64_TO_32_BIT_CONVERSION = YES;
				GCC_WARN_ABOUT_RETURN_TYPE = YES_ERROR;
				GCC_WARN_UNDECLARED_SELECTOR = YES;
				GCC_WARN_UNINITIALIZED_AUTOS = YES_AGGRESSIVE;
				GCC_WARN_UNUSED_FUNCTION = YES;
				GCC_WARN_UNUSED_VARIABLE = YES;
				IPHONEOS_DEPLOYMENT_TARGET = 9.3;
				MTL_ENABLE_DEBUG_INFO = YES;
				ONLY_ACTIVE_ARCH = YES;
				SDKROOT = iphoneos;
				TARGETED_DEVICE_FAMILY = "1,2";
			};
			name = Debug;
		};
		DB3518431CD3EF7C00FDAA63 /* Release */ = {
			isa = XCBuildConfiguration;
			buildSettings = {
				ALWAYS_SEARCH_USER_PATHS = NO;
				CLANG_ANALYZER_NONNULL = YES;
				CLANG_CXX_LANGUAGE_STANDARD = "gnu++0x";
				CLANG_CXX_LIBRARY = "libc++";
				CLANG_ENABLE_MODULES = YES;
				CLANG_ENABLE_OBJC_ARC = YES;
				CLANG_WARN_BOOL_CONVERSION = YES;
				CLANG_WARN_CONSTANT_CONVERSION = YES;
				CLANG_WARN_DIRECT_OBJC_ISA_USAGE = YES_ERROR;
				CLANG_WARN_EMPTY_BODY = YES;
				CLANG_WARN_ENUM_CONVERSION = YES;
				CLANG_WARN_INT_CONVERSION = YES;
				CLANG_WARN_OBJC_ROOT_CLASS = YES_ERROR;
				CLANG_WARN_UNREACHABLE_CODE = YES;
				CLANG_WARN__DUPLICATE_METHOD_MATCH = YES;
				"CODE_SIGN_IDENTITY[sdk=iphoneos*]" = "iPhone Developer";
				COPY_PHASE_STRIP = NO;
				DEBUG_INFORMATION_FORMAT = "dwarf-with-dsym";
				ENABLE_NS_ASSERTIONS = NO;
				ENABLE_STRICT_OBJC_MSGSEND = YES;
				GCC_C_LANGUAGE_STANDARD = gnu99;
				GCC_NO_COMMON_BLOCKS = YES;
				GCC_WARN_64_TO_32_BIT_CONVERSION = YES;
				GCC_WARN_ABOUT_RETURN_TYPE = YES_ERROR;
				GCC_WARN_UNDECLARED_SELECTOR = YES;
				GCC_WARN_UNINITIALIZED_AUTOS = YES_AGGRESSIVE;
				GCC_WARN_UNUSED_FUNCTION = YES;
				GCC_WARN_UNUSED_VARIABLE = YES;
				IPHONEOS_DEPLOYMENT_TARGET = 9.3;
				MTL_ENABLE_DEBUG_INFO = NO;
				SDKROOT = iphoneos;
				TARGETED_DEVICE_FAMILY = "1,2";
				VALIDATE_PRODUCT = YES;
			};
			name = Release;
		};
		DB3518451CD3EF7C00FDAA63 /* Debug */ = {
			isa = XCBuildConfiguration;
			buildSettings = {
				ASSETCATALOG_COMPILER_APPICON_NAME = AppIcon;
				INFOPLIST_FILE = Example/Info.plist;
				LD_RUNPATH_SEARCH_PATHS = "$(inherited) @executable_path/Frameworks";
				PRODUCT_BUNDLE_IDENTIFIER = com.mparticle.Example;
				PRODUCT_NAME = "$(TARGET_NAME)";
			};
			name = Debug;
		};
		DB3518461CD3EF7C00FDAA63 /* Release */ = {
			isa = XCBuildConfiguration;
			buildSettings = {
				ASSETCATALOG_COMPILER_APPICON_NAME = AppIcon;
				INFOPLIST_FILE = Example/Info.plist;
				LD_RUNPATH_SEARCH_PATHS = "$(inherited) @executable_path/Frameworks";
				PRODUCT_BUNDLE_IDENTIFIER = com.mparticle.Example;
				PRODUCT_NAME = "$(TARGET_NAME)";
			};
			name = Release;
		};
/* End XCBuildConfiguration section */

/* Begin XCConfigurationList section */
		DB3518281CD3EF7C00FDAA63 /* Build configuration list for PBXProject "Example" */ = {
			isa = XCConfigurationList;
			buildConfigurations = (
				DB3518421CD3EF7C00FDAA63 /* Debug */,
				DB3518431CD3EF7C00FDAA63 /* Release */,
			);
			defaultConfigurationIsVisible = 0;
			defaultConfigurationName = Release;
		};
		DB3518441CD3EF7C00FDAA63 /* Build configuration list for PBXNativeTarget "Example" */ = {
			isa = XCConfigurationList;
			buildConfigurations = (
				DB3518451CD3EF7C00FDAA63 /* Debug */,
				DB3518461CD3EF7C00FDAA63 /* Release */,
			);
			defaultConfigurationIsVisible = 0;
		};
/* End XCConfigurationList section */
	};
	rootObject = DB3518251CD3EF7C00FDAA63 /* Project object */;
}
